
Microsoft Visual Studio Solution File, Format Version 12.00
# Visual Studio Version 16
VisualStudioVersion = 16.0.810.16
MinimumVisualStudioVersion = 10.0.40219.1
Project("{FAE04EC0-301F-11D3-BF4B-00C04F79EFBC}") = "NewsletterProject", "NewsSiteProject\NewsletterProject.csproj", "{5881A2AD-81D8-404D-922B-51400B5BF778}"
EndProject
Global
	GlobalSection(SolutionConfigurationPlatforms) = preSolution
		Debug|Any CPU = Debug|Any CPU
		Release|Any CPU = Release|Any CPU
	EndGlobalSection
	GlobalSection(ProjectConfigurationPlatforms) = postSolution
		{5881A2AD-81D8-404D-922B-51400B5BF778}.Debug|Any CPU.ActiveCfg = Debug|Any CPU
		{5881A2AD-81D8-404D-922B-51400B5BF778}.Debug|Any CPU.Build.0 = Debug|Any CPU
		{5881A2AD-81D8-404D-922B-51400B5BF778}.Release|Any CPU.ActiveCfg = Release|Any CPU
		{5881A2AD-81D8-404D-922B-51400B5BF778}.Release|Any CPU.Build.0 = Release|Any CPU
	EndGlobalSection
	GlobalSection(SolutionProperties) = preSolution
		HideSolutionNode = FALSE
	EndGlobalSection
	GlobalSection(ExtensibilityGlobals) = postSolution
		SolutionGuid = {07FF495D-3182-4E5D-B52D-38DB0314312A}
	EndGlobalSection
EndGlobal
